
Microsoft Visual Studio Solution File, Format Version 12.00
# Visual Studio Version 16
VisualStudioVersion = 16.0.29209.152
MinimumVisualStudioVersion = 10.0.40219.1
Project("{FAE04EC0-301F-11D3-BF4B-00C04F79EFBC}") = "GanttWeb", "GanttWeb\GanttWeb.csproj", "{B1D1A32F-9503-4DFE-B4A9-D397046B170F}"
EndProject
Global
	GlobalSection(SolutionConfigurationPlatforms) = preSolution
		Debug|Any CPU = Debug|Any CPU
		Release|Any CPU = Release|Any CPU
	EndGlobalSection
	GlobalSection(ProjectConfigurationPlatforms) = postSolution
		{B1D1A32F-9503-4DFE-B4A9-D397046B170F}.Debug|Any CPU.ActiveCfg = Debug|Any CPU
		{B1D1A32F-9503-4DFE-B4A9-D397046B170F}.Debug|Any CPU.Build.0 = Debug|Any CPU
		{B1D1A32F-9503-4DFE-B4A9-D397046B170F}.Release|Any CPU.ActiveCfg = Release|Any CPU
		{B1D1A32F-9503-4DFE-B4A9-D397046B170F}.Release|Any CPU.Build.0 = Release|Any CPU
	EndGlobalSection
	GlobalSection(SolutionProperties) = preSolution
		HideSolutionNode = FALSE
	EndGlobalSection
	GlobalSection(ExtensibilityGlobals) = postSolution
		SolutionGuid = {98079F2E-0486-4660-BD7A-BF71E6F51994}
	EndGlobalSection
EndGlobal
